{
    "_meta": {
        "hash": {
            "sha256": "fc0767694216cff0a48911c1bcba0c6bb657ba9ece07f0125ce831c49bd7e967"
        },
        "pipfile-spec": 6,
        "requires": {
            "python_version": "3.12"
        },
        "sources": [
            {
                "name": "pypi",
                "url": "https://pypi.org/simple",
                "verify_ssl": true
            }
        ]
    },
    "default": {
        "pycountry": {
            "hashes": [
                "sha256:00569d82eaefbc6a490a311bfa84a9c571cff9ddbf8b0a4f4e7b4f868b4ad925",
                "sha256:2ff91cff4f40ff61086e773d61e72005fe95de4a57bfc765509db05695dc50ab"
            ],
            "index": "pypi",
            "markers": "python_version >= '3.8'",
            "version": "==23.12.11"
        }
    },
    "develop": {}
}
