{
    "_meta": {
        "hash": {
            "sha256": "da4ceb8b200aa1661d90d23c155b3e696c5487a07b33f524dfe026cf4d96b0f5"
        },
        "pipfile-spec": 6,
        "requires": {
            "python_version": "3.12"
        },
        "sources": [
            {
                "name": "pypi",
                "url": "https://pypi.org/simple",
                "verify_ssl": true
            }
        ]
    },
    "default": {
        "pycountry": {
            "hashes": [
                "sha256:00569d82eaefbc6a490a311bfa84a9c571cff9ddbf8b0a4f4e7b4f868b4ad925",
                "sha256:2ff91cff4f40ff61086e773d61e72005fe95de4a57bfc765509db05695dc50ab"
            ],
            "index": "pypi",
            "markers": "python_version >= '3.8'",
            "version": "==23.12.11"
        },
        "python-iso639": {
            "hashes": [
                "sha256:27526a84cebc4c4d53fea9d1ebbc7209c8d279bebaa343e6765a1fc8780565ab",
                "sha256:97e63b5603e085c6a56a12a95740010e75d9134e0aab767e0978b53fd8824f13"
            ],
            "index": "pypi",
            "markers": "python_version >= '3.8'",
            "version": "==2024.4.27"
        },
        "tasty-api": {
            "editable": true,
            "file": "."
        }
    },
    "develop": {}
}
